<Project xmlns="http://schemas.microsoft.com/developer/msbuild/2003">
    <PropertyGroup>
        <ProjectGuid>{3A641B72-3BED-4F5E-9822-B594FF4EBCDC}</ProjectGuid>
        <ProjectVersion>18.8</ProjectVersion>
        <FrameworkType>VCL</FrameworkType>
        <MainSource>ModernAppDemo.dpr</MainSource>
        <Base>True</Base>
        <Config Condition="'$(Config)'==''">Release</Config>
        <Platform Condition="'$(Platform)'==''">Win64</Platform>
        <TargetedPlatforms>3</TargetedPlatforms>
        <AppType>Application</AppType>
    </PropertyGroup>
    <PropertyGroup Condition="'$(Config)'=='Base' or '$(Base)'!=''">
        <Base>true</Base>
    </PropertyGroup>
    <PropertyGroup Condition="('$(Platform)'=='Win32' and '$(Base)'=='true') or '$(Base_Win32)'!=''">
        <Base_Win32>true</Base_Win32>
        <CfgParent>Base</CfgParent>
        <Base>true</Base>
    </PropertyGroup>
    <PropertyGroup Condition="('$(Platform)'=='Win64' and '$(Base)'=='true') or '$(Base_Win64)'!=''">
        <Base_Win64>true</Base_Win64>
        <CfgParent>Base</CfgParent>
        <Base>true</Base>
    </PropertyGroup>
    <PropertyGroup Condition="'$(Config)'=='Debug' or '$(Cfg_1)'!=''">
        <Cfg_1>true</Cfg_1>
        <CfgParent>Base</CfgParent>
        <Base>true</Base>
    </PropertyGroup>
    <PropertyGroup Condition="('$(Platform)'=='Win32' and '$(Cfg_1)'=='true') or '$(Cfg_1_Win32)'!=''">
        <Cfg_1_Win32>true</Cfg_1_Win32>
        <CfgParent>Cfg_1</CfgParent>
        <Cfg_1>true</Cfg_1>
        <Base>true</Base>
    </PropertyGroup>
    <PropertyGroup Condition="('$(Platform)'=='Win64' and '$(Cfg_1)'=='true') or '$(Cfg_1_Win64)'!=''">
        <Cfg_1_Win64>true</Cfg_1_Win64>
        <CfgParent>Cfg_1</CfgParent>
        <Cfg_1>true</Cfg_1>
        <Base>true</Base>
    </PropertyGroup>
    <PropertyGroup Condition="'$(Config)'=='Release' or '$(Cfg_2)'!=''">
        <Cfg_2>true</Cfg_2>
        <CfgParent>Base</CfgParent>
        <Base>true</Base>
    </PropertyGroup>
    <PropertyGroup Condition="('$(Platform)'=='Win32' and '$(Cfg_2)'=='true') or '$(Cfg_2_Win32)'!=''">
        <Cfg_2_Win32>true</Cfg_2_Win32>
        <CfgParent>Cfg_2</CfgParent>
        <Cfg_2>true</Cfg_2>
        <Base>true</Base>
    </PropertyGroup>
    <PropertyGroup Condition="'$(Base)'!=''">
        <Custom_Styles>Amakrits|VCLSTYLE|$(BDSCOMMONDIR)\Styles\Amakrits.vsf;&quot;Amethyst Kamri|VCLSTYLE|$(BDSCOMMONDIR)\Styles\AmethystKamri.vsf&quot;;&quot;Aqua Graphite|VCLSTYLE|$(BDSCOMMONDIR)\Styles\AquaGraphite.vsf&quot;;&quot;Aqua Light Slate|VCLSTYLE|$(BDSCOMMONDIR)\Styles\AquaLightSlate.vsf&quot;;Auric|VCLSTYLE|$(BDSCOMMONDIR)\Styles\Auric.vsf;Carbon|VCLSTYLE|$(BDSCOMMONDIR)\Styles\Carbon.vsf;&quot;Charcoal Dark Slate|VCLSTYLE|$(BDSCOMMONDIR)\Styles\CharcoalDarkSlate.vsf&quot;;&quot;Cobalt XEMedia|VCLSTYLE|$(BDSCOMMONDIR)\Styles\CobaltXEMedia.vsf&quot;;&quot;Cyan Dusk|VCLSTYLE|$(BDSCOMMONDIR)\Styles\CyanDusk.vsf&quot;;&quot;Cyan Night|VCLSTYLE|$(BDSCOMMONDIR)\Styles\CyanNight.vsf&quot;;&quot;Emerald Light Slate|VCLSTYLE|$(BDSCOMMONDIR)\Styles\EmeraldLightSlate.vsf&quot;;Glossy|VCLSTYLE|$(BDSCOMMONDIR)\Styles\Glossy.vsf;Glow|VCLSTYLE|$(BDSCOMMONDIR)\Styles\Glow.vsf;&quot;Golden Graphite|VCLSTYLE|$(BDSCOMMONDIR)\Styles\GoldenGraphite.vsf&quot;;&quot;Iceberg Classico|VCLSTYLE|$(BDSCOMMONDIR)\Styles\IcebergClassico.vsf&quot;;&quot;Lavender Classico|VCLSTYLE|$(BDSCOMMONDIR)\Styles\LavenderClassico.vsf&quot;;Light|VCLSTYLE|$(BDSCOMMONDIR)\Styles\Light.vsf;Luna|VCLSTYLE|$(BDSCOMMONDIR)\Styles\Luna.vsf;&quot;Metropolis UI Black|VCLSTYLE|$(BDSCOMMONDIR)\Styles\MetropolisUIBlack.vsf&quot;;&quot;Metropolis UI Blue|VCLSTYLE|$(BDSCOMMONDIR)\Styles\MetropolisUIBlue.vsf&quot;;&quot;Metropolis UI Dark|VCLSTYLE|$(BDSCOMMONDIR)\Styles\MetropolisUIDark.vsf&quot;;&quot;Metropolis UI Green|VCLSTYLE|$(BDSCOMMONDIR)\Styles\MetropolisUIGreen.vsf&quot;;Obsidian|VCLSTYLE|$(BDSCOMMONDIR)\Styles\Obsidian.vsf;&quot;Onyx Blue|VCLSTYLE|$(BDSCOMMONDIR)\Styles\OnyxBlue.vsf&quot;;&quot;Ruby Graphite|VCLSTYLE|$(BDSCOMMONDIR)\Styles\RubyGraphite.vsf&quot;;&quot;Sapphire Kamri|VCLSTYLE|$(BDSCOMMONDIR)\Styles\SapphireKamri.vsf&quot;;Silver|VCLSTYLE|$(BDSCOMMONDIR)\Styles\Silver.vsf;Sky|VCLSTYLE|$(BDSCOMMONDIR)\Styles\Sky.vsf;&quot;Slate Classico|VCLSTYLE|$(BDSCOMMONDIR)\Styles\SlateClassico.vsf&quot;;&quot;Smokey Quartz Kamri|VCLSTYLE|$(BDSCOMMONDIR)\Styles\SmokeyQuartzKamri.vsf&quot;;&quot;Tablet Light|VCLSTYLE|$(BDSCOMMONDIR)\Styles\TabletLight.vsf&quot;;TabletDark|VCLSTYLE|$(BDSCOMMONDIR)\Styles\TabletDark.vsf;&quot;Turquoise Gray|VCLSTYLE|$(BDSCOMMONDIR)\Styles\TurquoiseGray.vsf&quot;;Windows10|VCLSTYLE|$(BDSCOMMONDIR)\Styles\Windows10.vsf;&quot;Windows10 Blue|VCLSTYLE|$(BDSCOMMONDIR)\Styles\Windows10Blue.vsf&quot;;&quot;Windows10 Dark|VCLSTYLE|$(BDSCOMMONDIR)\Styles\Windows10Dark.vsf&quot;;&quot;Windows10 Green|VCLSTYLE|$(BDSCOMMONDIR)\Styles\Windows10Green.vsf&quot;;&quot;Windows10 Purple|VCLSTYLE|$(BDSCOMMONDIR)\Styles\Windows10Purple.vsf&quot;;&quot;Windows10 SlateGray|VCLSTYLE|$(BDSCOMMONDIR)\Styles\Windows10SlateGray.vsf&quot;</Custom_Styles>
        <DCC_Namespace>System;Xml;Data;Datasnap;Web;Soap;Vcl;Vcl.Imaging;Vcl.Touch;Vcl.Samples;Vcl.Shell;$(DCC_Namespace)</DCC_Namespace>
        <SanitizedProjectName>ModernAppDemo</SanitizedProjectName>
        <DCC_DcuOutput>.\$(Platform)\$(Config)</DCC_DcuOutput>
        <DCC_ExeOutput>..\..\Bin</DCC_ExeOutput>
        <VerInfo_Locale>1033</VerInfo_Locale>
        <DCC_UnitSearchPath>..\..\..\Source;..\..\..\Ext\VCLStyleUtils\Common;..\..\..\Ext\VCLStyleUtils\DDetours\Source;..\..\..\..\SVGIconImageList\Source;..\..\..\..\SVGIconImageList\Image32\Source;..\..\..\..\IconFontsImageList\Source;..\..\..\..\StyledComponents\Source;$(DCC_UnitSearchPath)</DCC_UnitSearchPath>
        <VerInfo_Keys>CompanyName=Ethea S.r.l.;FileVersion=3.3.0.0;InternalName=;LegalCopyright=Copyright (c) 2020-2024 - Ethea S.r.l.;LegalTrademarks=;OriginalFilename=;ProductVersion=3.3;Comments=;ProgramID=;FileDescription=;ProductName=</VerInfo_Keys>
        <DCC_Define>VCLSTYLEUTILS;NO_STYLEDCOMPONENTS;$(DCC_Define)</DCC_Define>
        <VerInfo_IncludeVerInfo>true</VerInfo_IncludeVerInfo>
        <VerInfo_MajorVer>3</VerInfo_MajorVer>
        <VerInfo_MinorVer>3</VerInfo_MinorVer>
    </PropertyGroup>
    <PropertyGroup Condition="'$(Base_Win32)'!=''">
        <Manifest_File>$(BDS)\bin\default_app.manifest</Manifest_File>
        <DCC_Namespace>Winapi;System.Win;Data.Win;Datasnap.Win;Web.Win;Soap.Win;Xml.Win;Bde;$(DCC_Namespace)</DCC_Namespace>
        <Icon_MainIcon>..\Ethea_vela_multires.ico</Icon_MainIcon>
        <AppDPIAwarenessMode>PerMonitorV2</AppDPIAwarenessMode>
        <AppEnableRuntimeThemes>true</AppEnableRuntimeThemes>
    </PropertyGroup>
    <PropertyGroup Condition="'$(Base_Win64)'!=''">
        <DCC_Namespace>Winapi;System.Win;Data.Win;Datasnap.Win;Web.Win;Soap.Win;Xml.Win;$(DCC_Namespace)</DCC_Namespace>
        <BT_BuildType>Debug</BT_BuildType>
        <Manifest_File>$(BDS)\bin\default_app.manifest</Manifest_File>
        <Icon_MainIcon>..\Ethea_vela_multires.ico</Icon_MainIcon>
        <AppDPIAwarenessMode>PerMonitorV2</AppDPIAwarenessMode>
        <AppEnableRuntimeThemes>true</AppEnableRuntimeThemes>
    </PropertyGroup>
    <PropertyGroup Condition="'$(Cfg_1)'!=''">
        <DCC_Define>DEBUG;$(DCC_Define)</DCC_Define>
        <DCC_DebugDCUs>true</DCC_DebugDCUs>
        <DCC_Optimize>false</DCC_Optimize>
        <DCC_GenerateStackFrames>true</DCC_GenerateStackFrames>
        <DCC_DebugInfoInExe>true</DCC_DebugInfoInExe>
        <DCC_RemoteDebug>true</DCC_RemoteDebug>
        <DCC_IntegerOverflowCheck>true</DCC_IntegerOverflowCheck>
        <DCC_RangeChecking>true</DCC_RangeChecking>
    </PropertyGroup>
    <PropertyGroup Condition="'$(Cfg_1_Win32)'!=''">
        <BT_BuildType>Debug</BT_BuildType>
        <DCC_IntegerOverflowCheck>true</DCC_IntegerOverflowCheck>
        <DCC_RemoteDebug>false</DCC_RemoteDebug>
        <DCC_RangeChecking>true</DCC_RangeChecking>
    </PropertyGroup>
    <PropertyGroup Condition="'$(Cfg_1_Win64)'!=''">
        <DCC_IntegerOverflowCheck>true</DCC_IntegerOverflowCheck>
        <DCC_RangeChecking>true</DCC_RangeChecking>
    </PropertyGroup>
    <PropertyGroup Condition="'$(Cfg_2)'!=''">
        <DCC_LocalDebugSymbols>false</DCC_LocalDebugSymbols>
        <DCC_Define>RELEASE;$(DCC_Define)</DCC_Define>
        <DCC_SymbolReferenceInfo>0</DCC_SymbolReferenceInfo>
        <DCC_DebugInformation>0</DCC_DebugInformation>
    </PropertyGroup>
    <PropertyGroup Condition="'$(Cfg_2_Win32)'!=''">
        <BT_BuildType>Debug</BT_BuildType>
    </PropertyGroup>
    <ItemGroup>
        <DelphiCompile Include="$(MainSource)">
            <MainSource>MainSource</MainSource>
        </DelphiCompile>
        <DCCReference Include="..\..\Source\uSplitView.pas">
            <Form>FormMain</Form>
            <FormType>dfm</FormType>
        </DCCReference>
        <DCCReference Include="..\..\Source\EditForm.pas">
            <Form>FmEdit</Form>
            <FormType>dfm</FormType>
        </DCCReference>
        <DCCReference Include="..\..\..\Source\FVCLThemeSelector.pas">
            <Form>VCLThemeSelectorForm</Form>
            <FormType>dfm</FormType>
        </DCCReference>
        <DCCReference Include="..\..\Source\DImageCollections.pas">
            <Form>ImageCollectionDataModule</Form>
            <FormType>dfm</FormType>
            <DesignClass>TDataModule</DesignClass>
        </DCCReference>
        <DCCReference Include="..\..\Source\DemoAbout.pas">
            <Form>FrmAbout</Form>
        </DCCReference>
        <BuildConfiguration Include="Base">
            <Key>Base</Key>
        </BuildConfiguration>
        <BuildConfiguration Include="Debug">
            <Key>Cfg_1</Key>
            <CfgParent>Base</CfgParent>
        </BuildConfiguration>
        <BuildConfiguration Include="Release">
            <Key>Cfg_2</Key>
            <CfgParent>Base</CfgParent>
        </BuildConfiguration>
    </ItemGroup>
    <ProjectExtensions>
        <Borland.Personality>Delphi.Personality.12</Borland.Personality>
        <Borland.ProjectType>Application</Borland.ProjectType>
        <BorlandProject>
            <Delphi.Personality>
                <Excluded_Packages/>
                <Source>
                    <Source Name="MainSource">ModernAppDemo.dpr</Source>
                </Source>
            </Delphi.Personality>
            <Platforms>
                <Platform value="Win32">True</Platform>
                <Platform value="Win64">True</Platform>
            </Platforms>
        </BorlandProject>
        <ProjectFileVersion>12</ProjectFileVersion>
    </ProjectExtensions>
    <Import Project="$(BDS)\Bin\CodeGear.Delphi.Targets" Condition="Exists('$(BDS)\Bin\CodeGear.Delphi.Targets')"/>
    <Import Project="$(APPDATA)\Embarcadero\$(BDSAPPDATABASEDIR)\$(PRODUCTVERSION)\UserTools.proj" Condition="Exists('$(APPDATA)\Embarcadero\$(BDSAPPDATABASEDIR)\$(PRODUCTVERSION)\UserTools.proj')"/>
</Project>
